// !$*UTF8*$!
{
	archiveVersion = 1;
	classes = {
	};
	objectVersion = 46;
	objects = {

/* Begin PBXBuildFile section */
		8B525CFE1E7C16EB00FFDB3A /* ContainerTableViewController.swift in Sources */ = {isa = PBXBuildFile; fileRef = 8B525CFD1E7C16EB00FFDB3A /* ContainerTableViewController.swift */; };
		8B525D001E7C19D000FFDB3A /* ContainerTableViewCell.swift in Sources */ = {isa = PBXBuildFile; fileRef = 8B525CFF1E7C19D000FFDB3A /* ContainerTableViewCell.swift */; };
		8B525D021E7C327300FFDB3A /* ContainerDetailsViewController.swift in Sources */ = {isa = PBXBuildFile; fileRef = 8B525D011E7C327300FFDB3A /* ContainerDetailsViewController.swift */; };
		8B525D081E82E83800FFDB3A /* TourPageViewController.swift in Sources */ = {isa = PBXBuildFile; fileRef = 8B525D071E82E83800FFDB3A /* TourPageViewController.swift */; };
		8B525D0C1E83D66B00FFDB3A /* StartViewController.swift in Sources */ = {isa = PBXBuildFile; fileRef = 8B525D0B1E83D66B00FFDB3A /* StartViewController.swift */; };
		8B525D0E1E84059500FFDB3A /* ContainerClass.swift in Sources */ = {isa = PBXBuildFile; fileRef = 8B525D0D1E84059500FFDB3A /* ContainerClass.swift */; };
		8B525D101E8405A200FFDB3A /* Image.swift in Sources */ = {isa = PBXBuildFile; fileRef = 8B525D0F1E8405A200FFDB3A /* Image.swift */; };
		8B6574CA1E8436D000F6389E /* ControllerAPI.swift in Sources */ = {isa = PBXBuildFile; fileRef = 8B6574C91E8436D000F6389E /* ControllerAPI.swift */; };
		8B99BCA11E851E18004E30BF /* DataStore.swift in Sources */ = {isa = PBXBuildFile; fileRef = 8B99BCA01E851E18004E30BF /* DataStore.swift */; };
		8B99BCA31E856B0C004E30BF /* ImageTableViewController.swift in Sources */ = {isa = PBXBuildFile; fileRef = 8B99BCA21E856B0C004E30BF /* ImageTableViewController.swift */; };
		8B99BCA51E856C90004E30BF /* ImageTableViewCell.swift in Sources */ = {isa = PBXBuildFile; fileRef = 8B99BCA41E856C90004E30BF /* ImageTableViewCell.swift */; };
		8B99BCA71E856EB8004E30BF /* ImageDetailsViewController.swift in Sources */ = {isa = PBXBuildFile; fileRef = 8B99BCA61E856EB8004E30BF /* ImageDetailsViewController.swift */; };
		8B99BCA91E8D5161004E30BF /* NewContainerViewController.swift in Sources */ = {isa = PBXBuildFile; fileRef = 8B99BCA81E8D5161004E30BF /* NewContainerViewController.swift */; };
		8B99BCAB1E8FC92C004E30BF /* ContainerCtrlCell.swift in Sources */ = {isa = PBXBuildFile; fileRef = 8B99BCAA1E8FC92C004E30BF /* ContainerCtrlCell.swift */; };
		8BFA4A671E7AC55900A3B311 /* AppDelegate.swift in Sources */ = {isa = PBXBuildFile; fileRef = 8BFA4A661E7AC55900A3B311 /* AppDelegate.swift */; };
		8BFA4A6C1E7AC55900A3B311 /* Main.storyboard in Resources */ = {isa = PBXBuildFile; fileRef = 8BFA4A6A1E7AC55900A3B311 /* Main.storyboard */; };
		8BFA4A6F1E7AC55900A3B311 /* docker_Manager.xcdatamodeld in Sources */ = {isa = PBXBuildFile; fileRef = 8BFA4A6D1E7AC55900A3B311 /* docker_Manager.xcdatamodeld */; };
		8BFA4A711E7AC55900A3B311 /* Assets.xcassets in Resources */ = {isa = PBXBuildFile; fileRef = 8BFA4A701E7AC55900A3B311 /* Assets.xcassets */; };
		8BFA4A741E7AC55900A3B311 /* LaunchScreen.storyboard in Resources */ = {isa = PBXBuildFile; fileRef = 8BFA4A721E7AC55900A3B311 /* LaunchScreen.storyboard */; };
		8BFA4A7F1E7AC55A00A3B311 /* docker_ManagerTests.swift in Sources */ = {isa = PBXBuildFile; fileRef = 8BFA4A7E1E7AC55A00A3B311 /* docker_ManagerTests.swift */; };
		8BFA4A8A1E7AED6F00A3B311 /* DispatcherController.swift in Sources */ = {isa = PBXBuildFile; fileRef = 8BFA4A891E7AED6F00A3B311 /* DispatcherController.swift */; };
		8BFA4A8E1E7AF55B00A3B311 /* DashboardTableViewCell.swift in Sources */ = {isa = PBXBuildFile; fileRef = 8BFA4A8D1E7AF55B00A3B311 /* DashboardTableViewCell.swift */; };
		8BFA4A901E7AFB0600A3B311 /* DashboardViewController.swift in Sources */ = {isa = PBXBuildFile; fileRef = 8BFA4A8F1E7AFB0600A3B311 /* DashboardViewController.swift */; };
/* End PBXBuildFile section */

/* Begin PBXContainerItemProxy section */
		8BFA4A7B1E7AC55A00A3B311 /* PBXContainerItemProxy */ = {
			isa = PBXContainerItemProxy;
			containerPortal = 8BFA4A5B1E7AC55900A3B311 /* Project object */;
			proxyType = 1;
			remoteGlobalIDString = 8BFA4A621E7AC55900A3B311;
			remoteInfo = "docker Manager";
		};
/* End PBXContainerItemProxy section */

/* Begin PBXFileReference section */
		8B525CFD1E7C16EB00FFDB3A /* ContainerTableViewController.swift */ = {isa = PBXFileReference; fileEncoding = 4; lastKnownFileType = sourcecode.swift; path = ContainerTableViewController.swift; sourceTree = "<group>"; };
		8B525CFF1E7C19D000FFDB3A /* ContainerTableViewCell.swift */ = {isa = PBXFileReference; fileEncoding = 4; lastKnownFileType = sourcecode.swift; path = ContainerTableViewCell.swift; sourceTree = "<group>"; };
		8B525D011E7C327300FFDB3A /* ContainerDetailsViewController.swift */ = {isa = PBXFileReference; fileEncoding = 4; lastKnownFileType = sourcecode.swift; path = ContainerDetailsViewController.swift; sourceTree = "<group>"; };
		8B525D071E82E83800FFDB3A /* TourPageViewController.swift */ = {isa = PBXFileReference; fileEncoding = 4; lastKnownFileType = sourcecode.swift; path = TourPageViewController.swift; sourceTree = "<group>"; };
		8B525D0B1E83D66B00FFDB3A /* StartViewController.swift */ = {isa = PBXFileReference; fileEncoding = 4; lastKnownFileType = sourcecode.swift; path = StartViewController.swift; sourceTree = "<group>"; };
		8B525D0D1E84059500FFDB3A /* ContainerClass.swift */ = {isa = PBXFileReference; fileEncoding = 4; lastKnownFileType = sourcecode.swift; path = ContainerClass.swift; sourceTree = "<group>"; };
		8B525D0F1E8405A200FFDB3A /* Image.swift */ = {isa = PBXFileReference; fileEncoding = 4; lastKnownFileType = sourcecode.swift; path = Image.swift; sourceTree = "<group>"; };
		8B6574C91E8436D000F6389E /* ControllerAPI.swift */ = {isa = PBXFileReference; fileEncoding = 4; lastKnownFileType = sourcecode.swift; path = ControllerAPI.swift; sourceTree = "<group>"; };
		8B99BCA01E851E18004E30BF /* DataStore.swift */ = {isa = PBXFileReference; fileEncoding = 4; lastKnownFileType = sourcecode.swift; path = DataStore.swift; sourceTree = "<group>"; };
		8B99BCA21E856B0C004E30BF /* ImageTableViewController.swift */ = {isa = PBXFileReference; fileEncoding = 4; lastKnownFileType = sourcecode.swift; path = ImageTableViewController.swift; sourceTree = "<group>"; };
		8B99BCA41E856C90004E30BF /* ImageTableViewCell.swift */ = {isa = PBXFileReference; fileEncoding = 4; lastKnownFileType = sourcecode.swift; path = ImageTableViewCell.swift; sourceTree = "<group>"; };
		8B99BCA61E856EB8004E30BF /* ImageDetailsViewController.swift */ = {isa = PBXFileReference; fileEncoding = 4; lastKnownFileType = sourcecode.swift; path = ImageDetailsViewController.swift; sourceTree = "<group>"; };
		8B99BCA81E8D5161004E30BF /* NewContainerViewController.swift */ = {isa = PBXFileReference; fileEncoding = 4; lastKnownFileType = sourcecode.swift; path = NewContainerViewController.swift; sourceTree = "<group>"; };
		8B99BCAA1E8FC92C004E30BF /* ContainerCtrlCell.swift */ = {isa = PBXFileReference; fileEncoding = 4; lastKnownFileType = sourcecode.swift; path = ContainerCtrlCell.swift; sourceTree = "<group>"; };
		8BFA4A631E7AC55900A3B311 /* docker Manager.app */ = {isa = PBXFileReference; explicitFileType = wrapper.application; includeInIndex = 0; path = "docker Manager.app"; sourceTree = BUILT_PRODUCTS_DIR; };
		8BFA4A661E7AC55900A3B311 /* AppDelegate.swift */ = {isa = PBXFileReference; lastKnownFileType = sourcecode.swift; path = AppDelegate.swift; sourceTree = "<group>"; };
		8BFA4A6B1E7AC55900A3B311 /* Base */ = {isa = PBXFileReference; lastKnownFileType = file.storyboard; name = Base; path = Base.lproj/Main.storyboard; sourceTree = "<group>"; };
		8BFA4A6E1E7AC55900A3B311 /* docker_Manager.xcdatamodel */ = {isa = PBXFileReference; lastKnownFileType = wrapper.xcdatamodel; path = docker_Manager.xcdatamodel; sourceTree = "<group>"; };
		8BFA4A701E7AC55900A3B311 /* Assets.xcassets */ = {isa = PBXFileReference; lastKnownFileType = folder.assetcatalog; path = Assets.xcassets; sourceTree = "<group>"; };
		8BFA4A731E7AC55900A3B311 /* Base */ = {isa = PBXFileReference; lastKnownFileType = file.storyboard; name = Base; path = Base.lproj/LaunchScreen.storyboard; sourceTree = "<group>"; };
		8BFA4A751E7AC55900A3B311 /* Info.plist */ = {isa = PBXFileReference; lastKnownFileType = text.plist.xml; path = Info.plist; sourceTree = "<group>"; };
		8BFA4A7A1E7AC55A00A3B311 /* docker ManagerTests.xctest */ = {isa = PBXFileReference; explicitFileType = wrapper.cfbundle; includeInIndex = 0; path = "docker ManagerTests.xctest"; sourceTree = BUILT_PRODUCTS_DIR; };
		8BFA4A7E1E7AC55A00A3B311 /* docker_ManagerTests.swift */ = {isa = PBXFileReference; lastKnownFileType = sourcecode.swift; path = docker_ManagerTests.swift; sourceTree = "<group>"; };
		8BFA4A801E7AC55A00A3B311 /* Info.plist */ = {isa = PBXFileReference; lastKnownFileType = text.plist.xml; path = Info.plist; sourceTree = "<group>"; };
		8BFA4A891E7AED6F00A3B311 /* DispatcherController.swift */ = {isa = PBXFileReference; fileEncoding = 4; lastKnownFileType = sourcecode.swift; path = DispatcherController.swift; sourceTree = "<group>"; };
		8BFA4A8D1E7AF55B00A3B311 /* DashboardTableViewCell.swift */ = {isa = PBXFileReference; fileEncoding = 4; lastKnownFileType = sourcecode.swift; path = DashboardTableViewCell.swift; sourceTree = "<group>"; };
		8BFA4A8F1E7AFB0600A3B311 /* DashboardViewController.swift */ = {isa = PBXFileReference; fileEncoding = 4; lastKnownFileType = sourcecode.swift; path = DashboardViewController.swift; sourceTree = "<group>"; };
/* End PBXFileReference section */

/* Begin PBXFrameworksBuildPhase section */
		8BFA4A601E7AC55900A3B311 /* Frameworks */ = {
			isa = PBXFrameworksBuildPhase;
			buildActionMask = 2147483647;
			files = (
			);
			runOnlyForDeploymentPostprocessing = 0;
		};
		8BFA4A771E7AC55A00A3B311 /* Frameworks */ = {
			isa = PBXFrameworksBuildPhase;
			buildActionMask = 2147483647;
			files = (
			);
			runOnlyForDeploymentPostprocessing = 0;
		};
/* End PBXFrameworksBuildPhase section */

/* Begin PBXGroup section */
		8BFA4A5A1E7AC55900A3B311 = {
			isa = PBXGroup;
			children = (
				8BFA4A651E7AC55900A3B311 /* docker Manager */,
				8BFA4A7D1E7AC55A00A3B311 /* docker ManagerTests */,
				8BFA4A641E7AC55900A3B311 /* Products */,
			);
			sourceTree = "<group>";
		};
		8BFA4A641E7AC55900A3B311 /* Products */ = {
			isa = PBXGroup;
			children = (
				8BFA4A631E7AC55900A3B311 /* docker Manager.app */,
				8BFA4A7A1E7AC55A00A3B311 /* docker ManagerTests.xctest */,
			);
			name = Products;
			sourceTree = "<group>";
		};
		8BFA4A651E7AC55900A3B311 /* docker Manager */ = {
			isa = PBXGroup;
			children = (
				8B525D0F1E8405A200FFDB3A /* Image.swift */,
				8B525D0D1E84059500FFDB3A /* ContainerClass.swift */,
				8BFA4A8D1E7AF55B00A3B311 /* DashboardTableViewCell.swift */,
				8BFA4A661E7AC55900A3B311 /* AppDelegate.swift */,
				8BFA4A6A1E7AC55900A3B311 /* Main.storyboard */,
				8BFA4A701E7AC55900A3B311 /* Assets.xcassets */,
				8BFA4A721E7AC55900A3B311 /* LaunchScreen.storyboard */,
				8BFA4A751E7AC55900A3B311 /* Info.plist */,
				8BFA4A6D1E7AC55900A3B311 /* docker_Manager.xcdatamodeld */,
				8BFA4A891E7AED6F00A3B311 /* DispatcherController.swift */,
				8BFA4A8F1E7AFB0600A3B311 /* DashboardViewController.swift */,
				8B525CFD1E7C16EB00FFDB3A /* ContainerTableViewController.swift */,
				8B99BCA21E856B0C004E30BF /* ImageTableViewController.swift */,
				8B525CFF1E7C19D000FFDB3A /* ContainerTableViewCell.swift */,
				8B525D011E7C327300FFDB3A /* ContainerDetailsViewController.swift */,
				8B525D071E82E83800FFDB3A /* TourPageViewController.swift */,
				8B525D0B1E83D66B00FFDB3A /* StartViewController.swift */,
				8B6574C91E8436D000F6389E /* ControllerAPI.swift */,
				8B99BCA01E851E18004E30BF /* DataStore.swift */,
				8B99BCA41E856C90004E30BF /* ImageTableViewCell.swift */,
				8B99BCA61E856EB8004E30BF /* ImageDetailsViewController.swift */,
				8B99BCA81E8D5161004E30BF /* NewContainerViewController.swift */,
				8B99BCAA1E8FC92C004E30BF /* ContainerCtrlCell.swift */,
			);
			path = "docker Manager";
			sourceTree = "<group>";
		};
		8BFA4A7D1E7AC55A00A3B311 /* docker ManagerTests */ = {
			isa = PBXGroup;
			children = (
				8BFA4A7E1E7AC55A00A3B311 /* docker_ManagerTests.swift */,
				8BFA4A801E7AC55A00A3B311 /* Info.plist */,
			);
			path = "docker ManagerTests";
			sourceTree = "<group>";
		};
/* End PBXGroup section */

/* Begin PBXNativeTarget section */
		8BFA4A621E7AC55900A3B311 /* docker Manager */ = {
			isa = PBXNativeTarget;
			buildConfigurationList = 8BFA4A831E7AC55A00A3B311 /* Build configuration list for PBXNativeTarget "docker Manager" */;
			buildPhases = (
				8BFA4A5F1E7AC55900A3B311 /* Sources */,
				8BFA4A601E7AC55900A3B311 /* Frameworks */,
				8BFA4A611E7AC55900A3B311 /* Resources */,
			);
			buildRules = (
			);
			dependencies = (
			);
			name = "docker Manager";
			productName = "docker Manager";
			productReference = 8BFA4A631E7AC55900A3B311 /* docker Manager.app */;
			productType = "com.apple.product-type.application";
		};
		8BFA4A791E7AC55A00A3B311 /* docker ManagerTests */ = {
			isa = PBXNativeTarget;
			buildConfigurationList = 8BFA4A861E7AC55A00A3B311 /* Build configuration list for PBXNativeTarget "docker ManagerTests" */;
			buildPhases = (
				8BFA4A761E7AC55A00A3B311 /* Sources */,
				8BFA4A771E7AC55A00A3B311 /* Frameworks */,
				8BFA4A781E7AC55A00A3B311 /* Resources */,
			);
			buildRules = (
			);
			dependencies = (
				8BFA4A7C1E7AC55A00A3B311 /* PBXTargetDependency */,
			);
			name = "docker ManagerTests";
			productName = "docker ManagerTests";
			productReference = 8BFA4A7A1E7AC55A00A3B311 /* docker ManagerTests.xctest */;
			productType = "com.apple.product-type.bundle.unit-test";
		};
/* End PBXNativeTarget section */

/* Begin PBXProject section */
		8BFA4A5B1E7AC55900A3B311 /* Project object */ = {
			isa = PBXProject;
			attributes = {
				LastSwiftUpdateCheck = 0800;
				LastUpgradeCheck = 0800;
				ORGANIZATIONNAME = Ingesup;
				TargetAttributes = {
					8BFA4A621E7AC55900A3B311 = {
						CreatedOnToolsVersion = 8.0;
						ProvisioningStyle = Automatic;
					};
					8BFA4A791E7AC55A00A3B311 = {
						CreatedOnToolsVersion = 8.0;
						ProvisioningStyle = Automatic;
						TestTargetID = 8BFA4A621E7AC55900A3B311;
					};
				};
			};
			buildConfigurationList = 8BFA4A5E1E7AC55900A3B311 /* Build configuration list for PBXProject "docker Manager" */;
			compatibilityVersion = "Xcode 3.2";
			developmentRegion = English;
			hasScannedForEncodings = 0;
			knownRegions = (
				en,
				Base,
			);
			mainGroup = 8BFA4A5A1E7AC55900A3B311;
			productRefGroup = 8BFA4A641E7AC55900A3B311 /* Products */;
			projectDirPath = "";
			projectRoot = "";
			targets = (
				8BFA4A621E7AC55900A3B311 /* docker Manager */,
				8BFA4A791E7AC55A00A3B311 /* docker ManagerTests */,
			);
		};
/* End PBXProject section */

/* Begin PBXResourcesBuildPhase section */
		8BFA4A611E7AC55900A3B311 /* Resources */ = {
			isa = PBXResourcesBuildPhase;
			buildActionMask = 2147483647;
			files = (
				8BFA4A741E7AC55900A3B311 /* LaunchScreen.storyboard in Resources */,
				8BFA4A711E7AC55900A3B311 /* Assets.xcassets in Resources */,
				8BFA4A6C1E7AC55900A3B311 /* Main.storyboard in Resources */,
			);
			runOnlyForDeploymentPostprocessing = 0;
		};
		8BFA4A781E7AC55A00A3B311 /* Resources */ = {
			isa = PBXResourcesBuildPhase;
			buildActionMask = 2147483647;
			files = (
			);
			runOnlyForDeploymentPostprocessing = 0;
		};
/* End PBXResourcesBuildPhase section */

/* Begin PBXSourcesBuildPhase section */
		8BFA4A5F1E7AC55900A3B311 /* Sources */ = {
			isa = PBXSourcesBuildPhase;
			buildActionMask = 2147483647;
			files = (
				8B6574CA1E8436D000F6389E /* ControllerAPI.swift in Sources */,
				8BFA4A8E1E7AF55B00A3B311 /* DashboardTableViewCell.swift in Sources */,
				8B525D081E82E83800FFDB3A /* TourPageViewController.swift in Sources */,
				8B99BCA31E856B0C004E30BF /* ImageTableViewController.swift in Sources */,
				8B525CFE1E7C16EB00FFDB3A /* ContainerTableViewController.swift in Sources */,
				8BFA4A8A1E7AED6F00A3B311 /* DispatcherController.swift in Sources */,
				8B99BCAB1E8FC92C004E30BF /* ContainerCtrlCell.swift in Sources */,
				8B525D0C1E83D66B00FFDB3A /* StartViewController.swift in Sources */,
				8B99BCA91E8D5161004E30BF /* NewContainerViewController.swift in Sources */,
				8BFA4A671E7AC55900A3B311 /* AppDelegate.swift in Sources */,
				8B525D101E8405A200FFDB3A /* Image.swift in Sources */,
				8B99BCA71E856EB8004E30BF /* ImageDetailsViewController.swift in Sources */,
				8BFA4A901E7AFB0600A3B311 /* DashboardViewController.swift in Sources */,
				8B525D0E1E84059500FFDB3A /* ContainerClass.swift in Sources */,
				8B525D001E7C19D000FFDB3A /* ContainerTableViewCell.swift in Sources */,
				8BFA4A6F1E7AC55900A3B311 /* docker_Manager.xcdatamodeld in Sources */,
				8B99BCA11E851E18004E30BF /* DataStore.swift in Sources */,
				8B99BCA51E856C90004E30BF /* ImageTableViewCell.swift in Sources */,
				8B525D021E7C327300FFDB3A /* ContainerDetailsViewController.swift in Sources */,
			);
			runOnlyForDeploymentPostprocessing = 0;
		};
		8BFA4A761E7AC55A00A3B311 /* Sources */ = {
			isa = PBXSourcesBuildPhase;
			buildActionMask = 2147483647;
			files = (
				8BFA4A7F1E7AC55A00A3B311 /* docker_ManagerTests.swift in Sources */,
			);
			runOnlyForDeploymentPostprocessing = 0;
		};
/* End PBXSourcesBuildPhase section */

/* Begin PBXTargetDependency section */
		8BFA4A7C1E7AC55A00A3B311 /* PBXTargetDependency */ = {
			isa = PBXTargetDependency;
			target = 8BFA4A621E7AC55900A3B311 /* docker Manager */;
			targetProxy = 8BFA4A7B1E7AC55A00A3B311 /* PBXContainerItemProxy */;
		};
/* End PBXTargetDependency section */

/* Begin PBXVariantGroup section */
		8BFA4A6A1E7AC55900A3B311 /* Main.storyboard */ = {
			isa = PBXVariantGroup;
			children = (
				8BFA4A6B1E7AC55900A3B311 /* Base */,
			);
			name = Main.storyboard;
			sourceTree = "<group>";
		};
		8BFA4A721E7AC55900A3B311 /* LaunchScreen.storyboard */ = {
			isa = PBXVariantGroup;
			children = (
				8BFA4A731E7AC55900A3B311 /* Base */,
			);
			name = LaunchScreen.storyboard;
			sourceTree = "<group>";
		};
/* End PBXVariantGroup section */

/* Begin XCBuildConfiguration section */
		8BFA4A811E7AC55A00A3B311 /* Debug */ = {
			isa = XCBuildConfiguration;
			buildSettings = {
				ALWAYS_SEARCH_USER_PATHS = NO;
				CLANG_ANALYZER_NONNULL = YES;
				CLANG_CXX_LANGUAGE_STANDARD = "gnu++0x";
				CLANG_CXX_LIBRARY = "libc++";
				CLANG_ENABLE_MODULES = YES;
				CLANG_ENABLE_OBJC_ARC = YES;
				CLANG_WARN_BOOL_CONVERSION = YES;
				CLANG_WARN_CONSTANT_CONVERSION = YES;
				CLANG_WARN_DIRECT_OBJC_ISA_USAGE = YES_ERROR;
				CLANG_WARN_DOCUMENTATION_COMMENTS = YES;
				CLANG_WARN_EMPTY_BODY = YES;
				CLANG_WARN_ENUM_CONVERSION = YES;
				CLANG_WARN_INFINITE_RECURSION = YES;
				CLANG_WARN_INT_CONVERSION = YES;
				CLANG_WARN_OBJC_ROOT_CLASS = YES_ERROR;
				CLANG_WARN_SUSPICIOUS_MOVES = YES;
				CLANG_WARN_UNREACHABLE_CODE = YES;
				CLANG_WARN__DUPLICATE_METHOD_MATCH = YES;
				"CODE_SIGN_IDENTITY[sdk=iphoneos*]" = "iPhone Developer";
				COPY_PHASE_STRIP = NO;
				DEBUG_INFORMATION_FORMAT = dwarf;
				ENABLE_STRICT_OBJC_MSGSEND = YES;
				ENABLE_TESTABILITY = YES;
				GCC_C_LANGUAGE_STANDARD = gnu99;
				GCC_DYNAMIC_NO_PIC = NO;
				GCC_NO_COMMON_BLOCKS = YES;
				GCC_OPTIMIZATION_LEVEL = 0;
				GCC_PREPROCESSOR_DEFINITIONS = (
					"DEBUG=1",
					"$(inherited)",
				);
				GCC_WARN_64_TO_32_BIT_CONVERSION = YES;
				GCC_WARN_ABOUT_RETURN_TYPE = YES_ERROR;
				GCC_WARN_UNDECLARED_SELECTOR = YES;
				GCC_WARN_UNINITIALIZED_AUTOS = YES_AGGRESSIVE;
				GCC_WARN_UNUSED_FUNCTION = YES;
				GCC_WARN_UNUSED_VARIABLE = YES;
				IPHONEOS_DEPLOYMENT_TARGET = 10.0;
				MTL_ENABLE_DEBUG_INFO = YES;
				ONLY_ACTIVE_ARCH = YES;
				SDKROOT = iphoneos;
				SWIFT_ACTIVE_COMPILATION_CONDITIONS = DEBUG;
				SWIFT_OPTIMIZATION_LEVEL = "-Onone";
				TARGETED_DEVICE_FAMILY = "1,2";
			};
			name = Debug;
		};
		8BFA4A821E7AC55A00A3B311 /* Release */ = {
			isa = XCBuildConfiguration;
			buildSettings = {
				ALWAYS_SEARCH_USER_PATHS = NO;
				CLANG_ANALYZER_NONNULL = YES;
				CLANG_CXX_LANGUAGE_STANDARD = "gnu++0x";
				CLANG_CXX_LIBRARY = "libc++";
				CLANG_ENABLE_MODULES = YES;
				CLANG_ENABLE_OBJC_ARC = YES;
				CLANG_WARN_BOOL_CONVERSION = YES;
				CLANG_WARN_CONSTANT_CONVERSION = YES;
				CLANG_WARN_DIRECT_OBJC_ISA_USAGE = YES_ERROR;
				CLANG_WARN_DOCUMENTATION_COMMENTS = YES;
				CLANG_WARN_EMPTY_BODY = YES;
				CLANG_WARN_ENUM_CONVERSION = YES;
				CLANG_WARN_INFINITE_RECURSION = YES;
				CLANG_WARN_INT_CONVERSION = YES;
				CLANG_WARN_OBJC_ROOT_CLASS = YES_ERROR;
				CLANG_WARN_SUSPICIOUS_MOVES = YES;
				CLANG_WARN_UNREACHABLE_CODE = YES;
				CLANG_WARN__DUPLICATE_METHOD_MATCH = YES;
				"CODE_SIGN_IDENTITY[sdk=iphoneos*]" = "iPhone Developer";
				COPY_PHASE_STRIP = NO;
				DEBUG_INFORMATION_FORMAT = "dwarf-with-dsym";
				ENABLE_NS_ASSERTIONS = NO;
				ENABLE_STRICT_OBJC_MSGSEND = YES;
				GCC_C_LANGUAGE_STANDARD = gnu99;
				GCC_NO_COMMON_BLOCKS = YES;
				GCC_WARN_64_TO_32_BIT_CONVERSION = YES;
				GCC_WARN_ABOUT_RETURN_TYPE = YES_ERROR;
				GCC_WARN_UNDECLARED_SELECTOR = YES;
				GCC_WARN_UNINITIALIZED_AUTOS = YES_AGGRESSIVE;
				GCC_WARN_UNUSED_FUNCTION = YES;
				GCC_WARN_UNUSED_VARIABLE = YES;
				IPHONEOS_DEPLOYMENT_TARGET = 10.0;
				MTL_ENABLE_DEBUG_INFO = NO;
				SDKROOT = iphoneos;
				SWIFT_OPTIMIZATION_LEVEL = "-Owholemodule";
				TARGETED_DEVICE_FAMILY = "1,2";
				VALIDATE_PRODUCT = YES;
			};
			name = Release;
		};
		8BFA4A841E7AC55A00A3B311 /* Debug */ = {
			isa = XCBuildConfiguration;
			buildSettings = {
				ASSETCATALOG_COMPILER_APPICON_NAME = AppIcon;
				INFOPLIST_FILE = "docker Manager/Info.plist";
				LD_RUNPATH_SEARCH_PATHS = "$(inherited) @executable_path/Frameworks";
				PRODUCT_BUNDLE_IDENTIFIER = "ingesup.docker-Manager";
				PRODUCT_NAME = "$(TARGET_NAME)";
				SWIFT_VERSION = 3.0;
			};
			name = Debug;
		};
		8BFA4A851E7AC55A00A3B311 /* Release */ = {
			isa = XCBuildConfiguration;
			buildSettings = {
				ASSETCATALOG_COMPILER_APPICON_NAME = AppIcon;
				INFOPLIST_FILE = "docker Manager/Info.plist";
				LD_RUNPATH_SEARCH_PATHS = "$(inherited) @executable_path/Frameworks";
				PRODUCT_BUNDLE_IDENTIFIER = "ingesup.docker-Manager";
				PRODUCT_NAME = "$(TARGET_NAME)";
				SWIFT_VERSION = 3.0;
			};
			name = Release;
		};
		8BFA4A871E7AC55A00A3B311 /* Debug */ = {
			isa = XCBuildConfiguration;
			buildSettings = {
				ALWAYS_EMBED_SWIFT_STANDARD_LIBRARIES = YES;
				BUNDLE_LOADER = "$(TEST_HOST)";
				INFOPLIST_FILE = "docker ManagerTests/Info.plist";
				LD_RUNPATH_SEARCH_PATHS = "$(inherited) @executable_path/Frameworks @loader_path/Frameworks";
				PRODUCT_BUNDLE_IDENTIFIER = "ingesup.docker-ManagerTests";
				PRODUCT_NAME = "$(TARGET_NAME)";
				SWIFT_VERSION = 3.0;
				TEST_HOST = "$(BUILT_PRODUCTS_DIR)/docker Manager.app/docker Manager";
			};
			name = Debug;
		};
		8BFA4A881E7AC55A00A3B311 /* Release */ = {
			isa = XCBuildConfiguration;
			buildSettings = {
				ALWAYS_EMBED_SWIFT_STANDARD_LIBRARIES = YES;
				BUNDLE_LOADER = "$(TEST_HOST)";
				INFOPLIST_FILE = "docker ManagerTests/Info.plist";
				LD_RUNPATH_SEARCH_PATHS = "$(inherited) @executable_path/Frameworks @loader_path/Frameworks";
				PRODUCT_BUNDLE_IDENTIFIER = "ingesup.docker-ManagerTests";
				PRODUCT_NAME = "$(TARGET_NAME)";
				SWIFT_VERSION = 3.0;
				TEST_HOST = "$(BUILT_PRODUCTS_DIR)/docker Manager.app/docker Manager";
			};
			name = Release;
		};
/* End XCBuildConfiguration section */

/* Begin XCConfigurationList section */
		8BFA4A5E1E7AC55900A3B311 /* Build configuration list for PBXProject "docker Manager" */ = {
			isa = XCConfigurationList;
			buildConfigurations = (
				8BFA4A811E7AC55A00A3B311 /* Debug */,
				8BFA4A821E7AC55A00A3B311 /* Release */,
			);
			defaultConfigurationIsVisible = 0;
			defaultConfigurationName = Release;
		};
		8BFA4A831E7AC55A00A3B311 /* Build configuration list for PBXNativeTarget "docker Manager" */ = {
			isa = XCConfigurationList;
			buildConfigurations = (
				8BFA4A841E7AC55A00A3B311 /* Debug */,
				8BFA4A851E7AC55A00A3B311 /* Release */,
			);
			defaultConfigurationIsVisible = 0;
			defaultConfigurationName = Release;
		};
		8BFA4A861E7AC55A00A3B311 /* Build configuration list for PBXNativeTarget "docker ManagerTests" */ = {
			isa = XCConfigurationList;
			buildConfigurations = (
				8BFA4A871E7AC55A00A3B311 /* Debug */,
				8BFA4A881E7AC55A00A3B311 /* Release */,
			);
			defaultConfigurationIsVisible = 0;
			defaultConfigurationName = Release;
		};
/* End XCConfigurationList section */

/* Begin XCVersionGroup section */
		8BFA4A6D1E7AC55900A3B311 /* docker_Manager.xcdatamodeld */ = {
			isa = XCVersionGroup;
			children = (
				8BFA4A6E1E7AC55900A3B311 /* docker_Manager.xcdatamodel */,
			);
			currentVersion = 8BFA4A6E1E7AC55900A3B311 /* docker_Manager.xcdatamodel */;
			path = docker_Manager.xcdatamodeld;
			sourceTree = "<group>";
			versionGroupType = wrapper.xcdatamodel;
		};
/* End XCVersionGroup section */
	};
	rootObject = 8BFA4A5B1E7AC55900A3B311 /* Project object */;
}
